Microsoft Visual Studio Solution File, Format Version 8.00
Project("{8BC9CEB8-8B4A-11D0-8D11-00A0C91BC942}") = "base", "base\base.vcproj", "{A63BDAE7-4631-4AD8-A116-A6A086ECEF3D}"
	ProjectSection(ProjectDependencies) = postProject
	EndProjectSection
EndProject
Project("{8BC9CEB8-8B4A-11D0-8D11-00A0C91BC942}") = "cbase", "cbase\cbase.vcproj", "{2FDE2728-53B8-4F21-A80B-16EA677F83D4}"
	ProjectSection(ProjectDependencies) = postProject
	EndProjectSection
EndProject
Project("{8BC9CEB8-8B4A-11D0-8D11-00A0C91BC942}") = "cgroupB", "cgroupB\cgroupB.vcproj", "{733A5970-C1DC-433F-9126-C3E919606A7B}"
	ProjectSection(ProjectDependencies) = postProject
	EndProjectSection
EndProject
Project("{8BC9CEB8-8B4A-11D0-8D11-00A0C91BC942}") = "doclitbase", "doclitbase\doclitbase.vcproj", "{9BAA7891-B653-49CC-B1C4-8FEBA02BBC5E}"
	ProjectSection(ProjectDependencies) = postProject
	EndProjectSection
EndProject
Project("{8BC9CEB8-8B4A-11D0-8D11-00A0C91BC942}") = "doclitgroupB", "doclitgroupB\doclitgroupB.vcproj", "{CAE43B49-B418-4596-8545-BA417D213C1A}"
	ProjectSection(ProjectDependencies) = postProject
	EndProjectSection
EndProject
Project("{8BC9CEB8-8B4A-11D0-8D11-00A0C91BC942}") = "groupB", "groupB\groupB.vcproj", "{7AD14EAB-8829-4DFC-B62C-DFCF9FF0483E}"
	ProjectSection(ProjectDependencies) = postProject
	EndProjectSection
EndProject
Project("{8BC9CEB8-8B4A-11D0-8D11-00A0C91BC942}") = "groupC", "groupC\groupC.vcproj", "{B9921389-A185-40ED-9653-4CD29132F914}"
	ProjectSection(ProjectDependencies) = postProject
	EndProjectSection
EndProject
Global
	GlobalSection(SolutionConfiguration) = preSolution
		Debug = Debug
		Release = Release
	EndGlobalSection
	GlobalSection(ProjectConfiguration) = postSolution
		{A63BDAE7-4631-4AD8-A116-A6A086ECEF3D}.Debug.ActiveCfg = Debug|Win32
		{A63BDAE7-4631-4AD8-A116-A6A086ECEF3D}.Debug.Build.0 = Debug|Win32
		{A63BDAE7-4631-4AD8-A116-A6A086ECEF3D}.Release.ActiveCfg = Release|Win32
		{A63BDAE7-4631-4AD8-A116-A6A086ECEF3D}.Release.Build.0 = Release|Win32
		{2FDE2728-53B8-4F21-A80B-16EA677F83D4}.Debug.ActiveCfg = Debug|Win32
		{2FDE2728-53B8-4F21-A80B-16EA677F83D4}.Debug.Build.0 = Debug|Win32
		{2FDE2728-53B8-4F21-A80B-16EA677F83D4}.Release.ActiveCfg = Release|Win32
		{2FDE2728-53B8-4F21-A80B-16EA677F83D4}.Release.Build.0 = Release|Win32
		{733A5970-C1DC-433F-9126-C3E919606A7B}.Debug.ActiveCfg = Debug|Win32
		{733A5970-C1DC-433F-9126-C3E919606A7B}.Debug.Build.0 = Debug|Win32
		{733A5970-C1DC-433F-9126-C3E919606A7B}.Release.ActiveCfg = Release|Win32
		{733A5970-C1DC-433F-9126-C3E919606A7B}.Release.Build.0 = Release|Win32
		{9BAA7891-B653-49CC-B1C4-8FEBA02BBC5E}.Debug.ActiveCfg = Debug|Win32
		{9BAA7891-B653-49CC-B1C4-8FEBA02BBC5E}.Debug.Build.0 = Debug|Win32
		{9BAA7891-B653-49CC-B1C4-8FEBA02BBC5E}.Release.ActiveCfg = Release|Win32
		{9BAA7891-B653-49CC-B1C4-8FEBA02BBC5E}.Release.Build.0 = Release|Win32
		{CAE43B49-B418-4596-8545-BA417D213C1A}.Debug.ActiveCfg = Debug|Win32
		{CAE43B49-B418-4596-8545-BA417D213C1A}.Debug.Build.0 = Debug|Win32
		{CAE43B49-B418-4596-8545-BA417D213C1A}.Release.ActiveCfg = Release|Win32
		{CAE43B49-B418-4596-8545-BA417D213C1A}.Release.Build.0 = Release|Win32
		{7AD14EAB-8829-4DFC-B62C-DFCF9FF0483E}.Debug.ActiveCfg = Debug|Win32
		{7AD14EAB-8829-4DFC-B62C-DFCF9FF0483E}.Debug.Build.0 = Debug|Win32
		{7AD14EAB-8829-4DFC-B62C-DFCF9FF0483E}.Release.ActiveCfg = Release|Win32
		{7AD14EAB-8829-4DFC-B62C-DFCF9FF0483E}.Release.Build.0 = Release|Win32
		{B9921389-A185-40ED-9653-4CD29132F914}.Debug.ActiveCfg = Debug|Win32
		{B9921389-A185-40ED-9653-4CD29132F914}.Debug.Build.0 = Debug|Win32
		{B9921389-A185-40ED-9653-4CD29132F914}.Release.ActiveCfg = Release|Win32
		{B9921389-A185-40ED-9653-4CD29132F914}.Release.Build.0 = Release|Win32
	EndGlobalSection
	GlobalSection(ExtensibilityGlobals) = postSolution
	EndGlobalSection
	GlobalSection(ExtensibilityAddIns) = postSolution
	EndGlobalSection
EndGlobal
