Microsoft Visual Studio Solution File, Format Version 8.00
Project("{8BC9CEB8-8B4A-11D0-8D11-00A0C91BC942}") = "AdminClient", "AdminClient.vcproj", "{C169551A-17CE-4938-A828-F8A8DBB310EC}"
	ProjectSection(ProjectDependencies) = postProject
	EndProjectSection
EndProject
Global
	GlobalSection(SolutionConfiguration) = preSolution
		Debug = Debug
		Release = Release
	EndGlobalSection
	GlobalSection(ProjectConfiguration) = postSolution
		{C169551A-17CE-4938-A828-F8A8DBB310EC}.Debug.ActiveCfg = Debug|Win32
		{C169551A-17CE-4938-A828-F8A8DBB310EC}.Debug.Build.0 = Debug|Win32
		{C169551A-17CE-4938-A828-F8A8DBB310EC}.Release.ActiveCfg = Release|Win32
		{C169551A-17CE-4938-A828-F8A8DBB310EC}.Release.Build.0 = Release|Win32
	EndGlobalSection
	GlobalSection(ExtensibilityGlobals) = postSolution
	EndGlobalSection
	GlobalSection(ExtensibilityAddIns) = postSolution
	EndGlobalSection
EndGlobal
