Microsoft Visual Studio Solution File, Format Version 8.00
Project("{8BC9CEB8-8B4A-11D0-8D11-00A0C91BC942}") = "base", "base\base.vcproj", "{FE6A67DB-F3F7-45C5-B3CD-ECE50C9F145D}"
	ProjectSection(ProjectDependencies) = postProject
	EndProjectSection
EndProject
Project("{8BC9CEB8-8B4A-11D0-8D11-00A0C91BC942}") = "cbase", "cbase\cbase.vcproj", "{6154B6AB-24AC-49E5-9054-CADF62315B3F}"
	ProjectSection(ProjectDependencies) = postProject
	EndProjectSection
EndProject
Project("{8BC9CEB8-8B4A-11D0-8D11-00A0C91BC942}") = "cgroupB", "cgroupB\cgroupB.vcproj", "{3D4B6A26-0ED6-469A-BBB9-7A23584BCAD3}"
	ProjectSection(ProjectDependencies) = postProject
	EndProjectSection
EndProject
Project("{8BC9CEB8-8B4A-11D0-8D11-00A0C91BC942}") = "doclitbase", "doclitbase\doclitbase.vcproj", "{7D3B11BD-6F72-4BB1-9078-1817F749A99C}"
	ProjectSection(ProjectDependencies) = postProject
	EndProjectSection
EndProject
Project("{8BC9CEB8-8B4A-11D0-8D11-00A0C91BC942}") = "doclitgroupB", "doclitgroupB\doclitgroupB.vcproj", "{15D73E17-098D-4C6F-A8D0-A200D6FC214D}"
	ProjectSection(ProjectDependencies) = postProject
	EndProjectSection
EndProject
Project("{8BC9CEB8-8B4A-11D0-8D11-00A0C91BC942}") = "groupB", "groupB\groupB.vcproj", "{A516538A-F1B9-46D1-853E-3C714ED4195D}"
	ProjectSection(ProjectDependencies) = postProject
	EndProjectSection
EndProject
Project("{8BC9CEB8-8B4A-11D0-8D11-00A0C91BC942}") = "groupC", "groupC\groupC.vcproj", "{6800DDE2-A6A1-4C9F-9FBA-83B06E27C652}"
	ProjectSection(ProjectDependencies) = postProject
	EndProjectSection
EndProject
Global
	GlobalSection(SolutionConfiguration) = preSolution
		Debug = Debug
		Release = Release
	EndGlobalSection
	GlobalSection(ProjectConfiguration) = postSolution
		{FE6A67DB-F3F7-45C5-B3CD-ECE50C9F145D}.Debug.ActiveCfg = Debug|Win32
		{FE6A67DB-F3F7-45C5-B3CD-ECE50C9F145D}.Debug.Build.0 = Debug|Win32
		{FE6A67DB-F3F7-45C5-B3CD-ECE50C9F145D}.Release.ActiveCfg = Release|Win32
		{FE6A67DB-F3F7-45C5-B3CD-ECE50C9F145D}.Release.Build.0 = Release|Win32
		{6154B6AB-24AC-49E5-9054-CADF62315B3F}.Debug.ActiveCfg = Debug|Win32
		{6154B6AB-24AC-49E5-9054-CADF62315B3F}.Debug.Build.0 = Debug|Win32
		{6154B6AB-24AC-49E5-9054-CADF62315B3F}.Release.ActiveCfg = Release|Win32
		{6154B6AB-24AC-49E5-9054-CADF62315B3F}.Release.Build.0 = Release|Win32
		{3D4B6A26-0ED6-469A-BBB9-7A23584BCAD3}.Debug.ActiveCfg = Debug|Win32
		{3D4B6A26-0ED6-469A-BBB9-7A23584BCAD3}.Debug.Build.0 = Debug|Win32
		{3D4B6A26-0ED6-469A-BBB9-7A23584BCAD3}.Release.ActiveCfg = Release|Win32
		{3D4B6A26-0ED6-469A-BBB9-7A23584BCAD3}.Release.Build.0 = Release|Win32
		{7D3B11BD-6F72-4BB1-9078-1817F749A99C}.Debug.ActiveCfg = Debug|Win32
		{7D3B11BD-6F72-4BB1-9078-1817F749A99C}.Debug.Build.0 = Debug|Win32
		{7D3B11BD-6F72-4BB1-9078-1817F749A99C}.Release.ActiveCfg = Release|Win32
		{7D3B11BD-6F72-4BB1-9078-1817F749A99C}.Release.Build.0 = Release|Win32
		{15D73E17-098D-4C6F-A8D0-A200D6FC214D}.Debug.ActiveCfg = Debug|Win32
		{15D73E17-098D-4C6F-A8D0-A200D6FC214D}.Debug.Build.0 = Debug|Win32
		{15D73E17-098D-4C6F-A8D0-A200D6FC214D}.Release.ActiveCfg = Release|Win32
		{15D73E17-098D-4C6F-A8D0-A200D6FC214D}.Release.Build.0 = Release|Win32
		{A516538A-F1B9-46D1-853E-3C714ED4195D}.Debug.ActiveCfg = Debug|Win32
		{A516538A-F1B9-46D1-853E-3C714ED4195D}.Debug.Build.0 = Debug|Win32
		{A516538A-F1B9-46D1-853E-3C714ED4195D}.Release.ActiveCfg = Release|Win32
		{A516538A-F1B9-46D1-853E-3C714ED4195D}.Release.Build.0 = Release|Win32
		{6800DDE2-A6A1-4C9F-9FBA-83B06E27C652}.Debug.ActiveCfg = Debug|Win32
		{6800DDE2-A6A1-4C9F-9FBA-83B06E27C652}.Debug.Build.0 = Debug|Win32
		{6800DDE2-A6A1-4C9F-9FBA-83B06E27C652}.Release.ActiveCfg = Release|Win32
		{6800DDE2-A6A1-4C9F-9FBA-83B06E27C652}.Release.Build.0 = Release|Win32
	EndGlobalSection
	GlobalSection(ExtensibilityGlobals) = postSolution
	EndGlobalSection
	GlobalSection(ExtensibilityAddIns) = postSolution
	EndGlobalSection
EndGlobal
